PODS:
  - Kal (1.0rc1)
  - UIImage-ResizeMagick (0.0.1)
  - ZBarSDK (1.3.1)

DEPENDENCIES:
  - Kal
  - UIImage-ResizeMagick (from `https://github.com/mustangostang/UIImage-ResizeMagick.git`)
  - ZBarSDK

EXTERNAL SOURCES:
  UIImage-ResizeMagick:
    :git: https://github.com/mustangostang/UIImage-ResizeMagick.git

SPEC CHECKSUMS:
  Kal: 1662d563939f65065f878ac82a90bb34863634ef
  UIImage-ResizeMagick: 7160e4551e9a558b67c997f616454339fd1d3a8d
  ZBarSDK: 6ae54d2077fea894d6a24bd1d7035192c0a7471e

COCOAPODS: 0.29.0
