// !$*UTF8*$!
{
	archiveVersion = 1;
	classes = {
	};
	objectVersion = 46;
	objects = {

/* Begin PBXBuildFile section */
		17015442175FC468006BED53 /* FYDDatePicker.m in Sources */ = {isa = PBXBuildFile; fileRef = 17015441175FC468006BED53 /* FYDDatePicker.m */; };
		1729A3F41763A94900988387 /* FYDBookReading.m in Sources */ = {isa = PBXBuildFile; fileRef = 1729A3F31763A94900988387 /* FYDBookReading.m */; };
		1729A3F71763A95900988387 /* FYDBookReadingDay.m in Sources */ = {isa = PBXBuildFile; fileRef = 1729A3F61763A95900988387 /* FYDBookReadingDay.m */; };
		172A88BA1763C8B800A36DD7 /* PageNoActionSheet.xib in Resources */ = {isa = PBXBuildFile; fileRef = 172A88B91763C8B800A36DD7 /* PageNoActionSheet.xib */; };
		172A88BD1763D74200A36DD7 /* NSDate+dateWithClearedTime.m in Sources */ = {isa = PBXBuildFile; fileRef = 172A88BC1763D74200A36DD7 /* NSDate+dateWithClearedTime.m */; };
		172A88C01764CD6700A36DD7 /* NSDate+dateByAddDays.m in Sources */ = {isa = PBXBuildFile; fileRef = 172A88BF1764CD6700A36DD7 /* NSDate+dateByAddDays.m */; };
		173C7C111757F419004E791B /* FYDBookCell.m in Sources */ = {isa = PBXBuildFile; fileRef = 173C7C101757F419004E791B /* FYDBookCell.m */; };
		174BE18C1757BE930096037A /* UIKit.framework in Frameworks */ = {isa = PBXBuildFile; fileRef = 174BE18B1757BE930096037A /* UIKit.framework */; };
		174BE18E1757BE930096037A /* Foundation.framework in Frameworks */ = {isa = PBXBuildFile; fileRef = 174BE18D1757BE930096037A /* Foundation.framework */; };
		174BE1901757BE930096037A /* CoreGraphics.framework in Frameworks */ = {isa = PBXBuildFile; fileRef = 174BE18F1757BE930096037A /* CoreGraphics.framework */; };
		174BE1961757BE930096037A /* InfoPlist.strings in Resources */ = {isa = PBXBuildFile; fileRef = 174BE1941757BE930096037A /* InfoPlist.strings */; };
		174BE1981757BE930096037A /* main.m in Sources */ = {isa = PBXBuildFile; fileRef = 174BE1971757BE930096037A /* main.m */; };
		174BE19C1757BE930096037A /* FYDAppDelegate.m in Sources */ = {isa = PBXBuildFile; fileRef = 174BE19B1757BE930096037A /* FYDAppDelegate.m */; };
		174BE19E1757BE930096037A /* Default.png in Resources */ = {isa = PBXBuildFile; fileRef = 174BE19D1757BE930096037A /* Default.png */; };
		174BE1A01757BE930096037A /* Default@2x.png in Resources */ = {isa = PBXBuildFile; fileRef = 174BE19F1757BE930096037A /* Default@2x.png */; };
		174BE1A21757BE930096037A /* Default-568h@2x.png in Resources */ = {isa = PBXBuildFile; fileRef = 174BE1A11757BE930096037A /* Default-568h@2x.png */; };
		174BE1A51757BE930096037A /* MainStoryboard_iPhone.storyboard in Resources */ = {isa = PBXBuildFile; fileRef = 174BE1A31757BE930096037A /* MainStoryboard_iPhone.storyboard */; };
		174BE1A81757BE930096037A /* MainStoryboard_iPad.storyboard in Resources */ = {isa = PBXBuildFile; fileRef = 174BE1A61757BE930096037A /* MainStoryboard_iPad.storyboard */; };
		174BE1B61757BE940096037A /* SenTestingKit.framework in Frameworks */ = {isa = PBXBuildFile; fileRef = 174BE1B51757BE940096037A /* SenTestingKit.framework */; };
		174BE1B71757BE940096037A /* UIKit.framework in Frameworks */ = {isa = PBXBuildFile; fileRef = 174BE18B1757BE930096037A /* UIKit.framework */; };
		174BE1B81757BE940096037A /* Foundation.framework in Frameworks */ = {isa = PBXBuildFile; fileRef = 174BE18D1757BE930096037A /* Foundation.framework */; };
		174BE1C01757BE940096037A /* InfoPlist.strings in Resources */ = {isa = PBXBuildFile; fileRef = 174BE1BE1757BE940096037A /* InfoPlist.strings */; };
		174BE1C31757BE940096037A /* keepreadingTests.m in Sources */ = {isa = PBXBuildFile; fileRef = 174BE1C21757BE940096037A /* keepreadingTests.m */; };
		174BE1D01757C60B0096037A /* FYDLibrary.m in Sources */ = {isa = PBXBuildFile; fileRef = 174BE1CF1757C60B0096037A /* FYDLibrary.m */; };
		174BE1D41757C7100096037A /* FYDBook.m in Sources */ = {isa = PBXBuildFile; fileRef = 174BE1D31757C7100096037A /* FYDBook.m */; };
		176138E0175A8EE2003BD612 /* FYDAddBookTableViewController.m in Sources */ = {isa = PBXBuildFile; fileRef = 176138DF175A8EE2003BD612 /* FYDAddBookTableViewController.m */; };
		176138E3175A916E003BD612 /* FYDAddBookSearchResultsController.m in Sources */ = {isa = PBXBuildFile; fileRef = 176138E2175A916E003BD612 /* FYDAddBookSearchResultsController.m */; };
		176138E5175AA60D003BD612 /* BookCell.xib in Resources */ = {isa = PBXBuildFile; fileRef = 176138E4175AA60D003BD612 /* BookCell.xib */; };
		176138E7175B4FD0003BD612 /* LoadingCell.xib in Resources */ = {isa = PBXBuildFile; fileRef = 176138E6175B4FD0003BD612 /* LoadingCell.xib */; };
		176138E9175BFE5E003BD612 /* barcode_button.png in Resources */ = {isa = PBXBuildFile; fileRef = 176138E8175BFE5E003BD612 /* barcode_button.png */; };
		17613909175C0378003BD612 /* libzbar.a in Frameworks */ = {isa = PBXBuildFile; fileRef = 17613903175C0378003BD612 /* libzbar.a */; };
		1761390A175C0378003BD612 /* zbar-back.png in Resources */ = {isa = PBXBuildFile; fileRef = 17613905175C0378003BD612 /* zbar-back.png */; };
		1761390B175C0378003BD612 /* zbar-help.html in Resources */ = {isa = PBXBuildFile; fileRef = 17613906175C0378003BD612 /* zbar-help.html */; };
		1761390C175C0378003BD612 /* zbar-helpicons.png in Resources */ = {isa = PBXBuildFile; fileRef = 17613907175C0378003BD612 /* zbar-helpicons.png */; };
		1761390D175C0378003BD612 /* zbar-samples.png in Resources */ = {isa = PBXBuildFile; fileRef = 17613908175C0378003BD612 /* zbar-samples.png */; };
		1761390F175C03A1003BD612 /* AVFoundation.framework in Frameworks */ = {isa = PBXBuildFile; fileRef = 1761390E175C03A1003BD612 /* AVFoundation.framework */; };
		17613911175C03A7003BD612 /* CoreMedia.framework in Frameworks */ = {isa = PBXBuildFile; fileRef = 17613910175C03A7003BD612 /* CoreMedia.framework */; };
		17613913175C03AD003BD612 /* CoreVideo.framework in Frameworks */ = {isa = PBXBuildFile; fileRef = 17613912175C03AD003BD612 /* CoreVideo.framework */; };
		17613915175C03B4003BD612 /* QuartzCore.framework in Frameworks */ = {isa = PBXBuildFile; fileRef = 17613914175C03B4003BD612 /* QuartzCore.framework */; };
		17613917175C03C5003BD612 /* libiconv.dylib in Frameworks */ = {isa = PBXBuildFile; fileRef = 17613916175C03C5003BD612 /* libiconv.dylib */; };
		177CCE14175CEA6D003A96C0 /* KeyboardNavigationToolbar.xib in Resources */ = {isa = PBXBuildFile; fileRef = 177CCE13175CEA6D003A96C0 /* KeyboardNavigationToolbar.xib */; };
		177CCE17175CEBB1003A96C0 /* FYDKeyboardNavigationToolbar.m in Sources */ = {isa = PBXBuildFile; fileRef = 177CCE16175CEBB1003A96C0 /* FYDKeyboardNavigationToolbar.m */; };
		177CCE1A175D01EA003A96C0 /* AddWordHeaderView.xib in Resources */ = {isa = PBXBuildFile; fileRef = 177CCE19175D01EA003A96C0 /* AddWordHeaderView.xib */; };
		177CCE1D175D0608003A96C0 /* FYDAddBookHeaderView.m in Sources */ = {isa = PBXBuildFile; fileRef = 177CCE1C175D0608003A96C0 /* FYDAddBookHeaderView.m */; };
		178D6BC51763ADF1003B3699 /* FYDBookReadingDayCell.m in Sources */ = {isa = PBXBuildFile; fileRef = 178D6BC41763ADF1003B3699 /* FYDBookReadingDayCell.m */; };
		17B13C3E175CD7AA00E935DA /* FYDAddBookMetadataViewController.m in Sources */ = {isa = PBXBuildFile; fileRef = 17B13C3D175CD7AA00E935DA /* FYDAddBookMetadataViewController.m */; };
		17B2C1F1175F9B1B0042F0C1 /* MobileCoreServices.framework in Frameworks */ = {isa = PBXBuildFile; fileRef = 17B2C1F0175F9B1B0042F0C1 /* MobileCoreServices.framework */; };
		17E3DB7E17624E1E00AD4A74 /* Kal.bundle in Resources */ = {isa = PBXBuildFile; fileRef = 17E3DB7D17624E1E00AD4A74 /* Kal.bundle */; };
		17E3DBA21762517300AD4A74 /* FYDMainViewController.m in Sources */ = {isa = PBXBuildFile; fileRef = 17E3DBA11762517300AD4A74 /* FYDMainViewController.m */; };
		17E3DBA3176252F100AD4A74 /* KalDataSource.m in Sources */ = {isa = PBXBuildFile; fileRef = 17E3DB8C17624E3400AD4A74 /* KalDataSource.m */; settings = {COMPILER_FLAGS = "-fno-objc-arc"; }; };
		17E3DBA4176252F100AD4A74 /* KalDate.m in Sources */ = {isa = PBXBuildFile; fileRef = 17E3DB8D17624E3400AD4A74 /* KalDate.m */; settings = {COMPILER_FLAGS = "-fno-objc-arc"; }; };
		17E3DBA5176252F100AD4A74 /* KalGridView.m in Sources */ = {isa = PBXBuildFile; fileRef = 17E3DB8E17624E3400AD4A74 /* KalGridView.m */; settings = {COMPILER_FLAGS = "-fno-objc-arc"; }; };
		17E3DBA6176252F100AD4A74 /* KalLogic.m in Sources */ = {isa = PBXBuildFile; fileRef = 17E3DB8F17624E3400AD4A74 /* KalLogic.m */; settings = {COMPILER_FLAGS = "-fno-objc-arc"; }; };
		17E3DBA7176252F100AD4A74 /* KalMonthView.m in Sources */ = {isa = PBXBuildFile; fileRef = 17E3DB9017624E3400AD4A74 /* KalMonthView.m */; settings = {COMPILER_FLAGS = "-fno-objc-arc"; }; };
		17E3DBA8176252F100AD4A74 /* KalTileView.m in Sources */ = {isa = PBXBuildFile; fileRef = 17E3DB9117624E3400AD4A74 /* KalTileView.m */; settings = {COMPILER_FLAGS = "-fno-objc-arc"; }; };
		17E3DBA9176252F100AD4A74 /* KalView.m in Sources */ = {isa = PBXBuildFile; fileRef = 17E3DB9217624E3400AD4A74 /* KalView.m */; settings = {COMPILER_FLAGS = "-fno-objc-arc"; }; };
		17E3DBAA176252F100AD4A74 /* KalViewController.m in Sources */ = {isa = PBXBuildFile; fileRef = 17E3DB9317624E3400AD4A74 /* KalViewController.m */; settings = {COMPILER_FLAGS = "-fno-objc-arc"; }; };
		17E3DBAB176252F100AD4A74 /* NSDateAdditions.m in Sources */ = {isa = PBXBuildFile; fileRef = 17E3DB9417624E3400AD4A74 /* NSDateAdditions.m */; settings = {COMPILER_FLAGS = "-fno-objc-arc"; }; };
		17E3DBAC176252F100AD4A74 /* UIViewAdditions.m in Sources */ = {isa = PBXBuildFile; fileRef = 17E3DB9517624E3400AD4A74 /* UIViewAdditions.m */; settings = {COMPILER_FLAGS = "-fno-objc-arc"; }; };
		17EC5F6017749FE9009E37F1 /* bookIcon_114.png in Resources */ = {isa = PBXBuildFile; fileRef = 17EC5F5F17749FE9009E37F1 /* bookIcon_114.png */; };
		17EF7A5B1757DA1A00832D01 /* FYDBookSearch.m in Sources */ = {isa = PBXBuildFile; fileRef = 17EF7A5A1757DA1A00832D01 /* FYDBookSearch.m */; };
/* End PBXBuildFile section */

/* Begin PBXContainerItemProxy section */
		174BE1B91757BE940096037A /* PBXContainerItemProxy */ = {
			isa = PBXContainerItemProxy;
			containerPortal = 174BE1801757BE930096037A /* Project object */;
			proxyType = 1;
			remoteGlobalIDString = 174BE1871757BE930096037A;
			remoteInfo = keepreading;
		};
/* End PBXContainerItemProxy section */

/* Begin PBXFileReference section */
		17015440175FC468006BED53 /* FYDDatePicker.h */ = {isa = PBXFileReference; fileEncoding = 4; lastKnownFileType = sourcecode.c.h; path = FYDDatePicker.h; sourceTree = "<group>"; };
		17015441175FC468006BED53 /* FYDDatePicker.m */ = {isa = PBXFileReference; fileEncoding = 4; lastKnownFileType = sourcecode.c.objc; path = FYDDatePicker.m; sourceTree = "<group>"; };
		1729A3F21763A94900988387 /* FYDBookReading.h */ = {isa = PBXFileReference; fileEncoding = 4; lastKnownFileType = sourcecode.c.h; path = FYDBookReading.h; sourceTree = "<group>"; };
		1729A3F31763A94900988387 /* FYDBookReading.m */ = {isa = PBXFileReference; fileEncoding = 4; lastKnownFileType = sourcecode.c.objc; path = FYDBookReading.m; sourceTree = "<group>"; };
		1729A3F51763A95900988387 /* FYDBookReadingDay.h */ = {isa = PBXFileReference; fileEncoding = 4; lastKnownFileType = sourcecode.c.h; path = FYDBookReadingDay.h; sourceTree = "<group>"; };
		1729A3F61763A95900988387 /* FYDBookReadingDay.m */ = {isa = PBXFileReference; fileEncoding = 4; lastKnownFileType = sourcecode.c.objc; path = FYDBookReadingDay.m; sourceTree = "<group>"; };
		172A88B91763C8B800A36DD7 /* PageNoActionSheet.xib */ = {isa = PBXFileReference; fileEncoding = 4; lastKnownFileType = file.xib; path = PageNoActionSheet.xib; sourceTree = "<group>"; };
		172A88BB1763D74200A36DD7 /* NSDate+dateWithClearedTime.h */ = {isa = PBXFileReference; fileEncoding = 4; lastKnownFileType = sourcecode.c.h; path = "NSDate+dateWithClearedTime.h"; sourceTree = "<group>"; };
		172A88BC1763D74200A36DD7 /* NSDate+dateWithClearedTime.m */ = {isa = PBXFileReference; fileEncoding = 4; lastKnownFileType = sourcecode.c.objc; path = "NSDate+dateWithClearedTime.m"; sourceTree = "<group>"; };
		172A88BE1764CD6600A36DD7 /* NSDate+dateByAddDays.h */ = {isa = PBXFileReference; fileEncoding = 4; lastKnownFileType = sourcecode.c.h; path = "NSDate+dateByAddDays.h"; sourceTree = "<group>"; };
		172A88BF1764CD6700A36DD7 /* NSDate+dateByAddDays.m */ = {isa = PBXFileReference; fileEncoding = 4; lastKnownFileType = sourcecode.c.objc; path = "NSDate+dateByAddDays.m"; sourceTree = "<group>"; };
		173C7C0F1757F419004E791B /* FYDBookCell.h */ = {isa = PBXFileReference; fileEncoding = 4; lastKnownFileType = sourcecode.c.h; path = FYDBookCell.h; sourceTree = "<group>"; };
		173C7C101757F419004E791B /* FYDBookCell.m */ = {isa = PBXFileReference; fileEncoding = 4; lastKnownFileType = sourcecode.c.objc; path = FYDBookCell.m; sourceTree = "<group>"; };
		174BE1881757BE930096037A /* keepreading.app */ = {isa = PBXFileReference; explicitFileType = wrapper.application; includeInIndex = 0; path = keepreading.app; sourceTree = BUILT_PRODUCTS_DIR; };
		174BE18B1757BE930096037A /* UIKit.framework */ = {isa = PBXFileReference; lastKnownFileType = wrapper.framework; name = UIKit.framework; path = System/Library/Frameworks/UIKit.framework; sourceTree = SDKROOT; };
		174BE18D1757BE930096037A /* Foundation.framework */ = {isa = PBXFileReference; lastKnownFileType = wrapper.framework; name = Foundation.framework; path = System/Library/Frameworks/Foundation.framework; sourceTree = SDKROOT; };
		174BE18F1757BE930096037A /* CoreGraphics.framework */ = {isa = PBXFileReference; lastKnownFileType = wrapper.framework; name = CoreGraphics.framework; path = System/Library/Frameworks/CoreGraphics.framework; sourceTree = SDKROOT; };
		174BE1931757BE930096037A /* keepreading-Info.plist */ = {isa = PBXFileReference; lastKnownFileType = text.plist.xml; path = "keepreading-Info.plist"; sourceTree = "<group>"; };
		174BE1951757BE930096037A /* en */ = {isa = PBXFileReference; lastKnownFileType = text.plist.strings; name = en; path = en.lproj/InfoPlist.strings; sourceTree = "<group>"; };
		174BE1971757BE930096037A /* main.m */ = {isa = PBXFileReference; lastKnownFileType = sourcecode.c.objc; path = main.m; sourceTree = "<group>"; };
		174BE1991757BE930096037A /* keepreading-Prefix.pch */ = {isa = PBXFileReference; lastKnownFileType = sourcecode.c.h; path = "keepreading-Prefix.pch"; sourceTree = "<group>"; };
		174BE19A1757BE930096037A /* FYDAppDelegate.h */ = {isa = PBXFileReference; lastKnownFileType = sourcecode.c.h; path = FYDAppDelegate.h; sourceTree = "<group>"; };
		174BE19B1757BE930096037A /* FYDAppDelegate.m */ = {isa = PBXFileReference; lastKnownFileType = sourcecode.c.objc; path = FYDAppDelegate.m; sourceTree = "<group>"; };
		174BE19D1757BE930096037A /* Default.png */ = {isa = PBXFileReference; lastKnownFileType = image.png; path = Default.png; sourceTree = "<group>"; };
		174BE19F1757BE930096037A /* Default@2x.png */ = {isa = PBXFileReference; lastKnownFileType = image.png; path = "Default@2x.png"; sourceTree = "<group>"; };
		174BE1A11757BE930096037A /* Default-568h@2x.png */ = {isa = PBXFileReference; lastKnownFileType = image.png; path = "Default-568h@2x.png"; sourceTree = "<group>"; };
		174BE1A41757BE930096037A /* en */ = {isa = PBXFileReference; lastKnownFileType = file.storyboard; name = en; path = en.lproj/MainStoryboard_iPhone.storyboard; sourceTree = "<group>"; };
		174BE1A71757BE930096037A /* en */ = {isa = PBXFileReference; lastKnownFileType = file.storyboard; name = en; path = en.lproj/MainStoryboard_iPad.storyboard; sourceTree = "<group>"; };
		174BE1B41757BE940096037A /* keepreadingTests.octest */ = {isa = PBXFileReference; explicitFileType = wrapper.cfbundle; includeInIndex = 0; path = keepreadingTests.octest; sourceTree = BUILT_PRODUCTS_DIR; };
		174BE1B51757BE940096037A /* SenTestingKit.framework */ = {isa = PBXFileReference; lastKnownFileType = wrapper.framework; name = SenTestingKit.framework; path = Library/Frameworks/SenTestingKit.framework; sourceTree = DEVELOPER_DIR; };
		174BE1BD1757BE940096037A /* keepreadingTests-Info.plist */ = {isa = PBXFileReference; lastKnownFileType = text.plist.xml; path = "keepreadingTests-Info.plist"; sourceTree = "<group>"; };
		174BE1BF1757BE940096037A /* en */ = {isa = PBXFileReference; lastKnownFileType = text.plist.strings; name = en; path = en.lproj/InfoPlist.strings; sourceTree = "<group>"; };
		174BE1C11757BE940096037A /* keepreadingTests.h */ = {isa = PBXFileReference; lastKnownFileType = sourcecode.c.h; path = keepreadingTests.h; sourceTree = "<group>"; };
		174BE1C21757BE940096037A /* keepreadingTests.m */ = {isa = PBXFileReference; lastKnownFileType = sourcecode.c.objc; path = keepreadingTests.m; sourceTree = "<group>"; };
		174BE1CE1757C60B0096037A /* FYDLibrary.h */ = {isa = PBXFileReference; fileEncoding = 4; lastKnownFileType = sourcecode.c.h; path = FYDLibrary.h; sourceTree = "<group>"; };
		174BE1CF1757C60B0096037A /* FYDLibrary.m */ = {isa = PBXFileReference; fileEncoding = 4; lastKnownFileType = sourcecode.c.objc; path = FYDLibrary.m; sourceTree = "<group>"; };
		174BE1D21757C7100096037A /* FYDBook.h */ = {isa = PBXFileReference; fileEncoding = 4; lastKnownFileType = sourcecode.c.h; path = FYDBook.h; sourceTree = "<group>"; };
		174BE1D31757C7100096037A /* FYDBook.m */ = {isa = PBXFileReference; fileEncoding = 4; lastKnownFileType = sourcecode.c.objc; path = FYDBook.m; sourceTree = "<group>"; };
		176138DE175A8EE2003BD612 /* FYDAddBookTableViewController.h */ = {isa = PBXFileReference; fileEncoding = 4; lastKnownFileType = sourcecode.c.h; path = FYDAddBookTableViewController.h; sourceTree = "<group>"; };
		176138DF175A8EE2003BD612 /* FYDAddBookTableViewController.m */ = {isa = PBXFileReference; fileEncoding = 4; lastKnownFileType = sourcecode.c.objc; path = FYDAddBookTableViewController.m; sourceTree = "<group>"; };
		176138E1175A916E003BD612 /* FYDAddBookSearchResultsController.h */ = {isa = PBXFileReference; fileEncoding = 4; lastKnownFileType = sourcecode.c.h; path = FYDAddBookSearchResultsController.h; sourceTree = "<group>"; };
		176138E2175A916E003BD612 /* FYDAddBookSearchResultsController.m */ = {isa = PBXFileReference; fileEncoding = 4; lastKnownFileType = sourcecode.c.objc; path = FYDAddBookSearchResultsController.m; sourceTree = "<group>"; };
		176138E4175AA60D003BD612 /* BookCell.xib */ = {isa = PBXFileReference; fileEncoding = 4; lastKnownFileType = file.xib; name = BookCell.xib; path = ../BookCell.xib; sourceTree = "<group>"; };
		176138E6175B4FD0003BD612 /* LoadingCell.xib */ = {isa = PBXFileReference; fileEncoding = 4; lastKnownFileType = file.xib; name = LoadingCell.xib; path = ../LoadingCell.xib; sourceTree = "<group>"; };
		176138E8175BFE5E003BD612 /* barcode_button.png */ = {isa = PBXFileReference; lastKnownFileType = image.png; path = barcode_button.png; sourceTree = "<group>"; };
		176138EF175C0378003BD612 /* Decoder.h */ = {isa = PBXFileReference; fileEncoding = 4; lastKnownFileType = sourcecode.c.h; path = Decoder.h; sourceTree = "<group>"; };
		176138F0175C0378003BD612 /* Exception.h */ = {isa = PBXFileReference; fileEncoding = 4; lastKnownFileType = sourcecode.c.h; path = Exception.h; sourceTree = "<group>"; };
		176138F1175C0378003BD612 /* Image.h */ = {isa = PBXFileReference; fileEncoding = 4; lastKnownFileType = sourcecode.c.h; path = Image.h; sourceTree = "<group>"; };
		176138F2175C0378003BD612 /* ImageScanner.h */ = {isa = PBXFileReference; fileEncoding = 4; lastKnownFileType = sourcecode.c.h; path = ImageScanner.h; sourceTree = "<group>"; };
		176138F3175C0378003BD612 /* Processor.h */ = {isa = PBXFileReference; fileEncoding = 4; lastKnownFileType = sourcecode.c.h; path = Processor.h; sourceTree = "<group>"; };
		176138F4175C0378003BD612 /* Scanner.h */ = {isa = PBXFileReference; fileEncoding = 4; lastKnownFileType = sourcecode.c.h; path = Scanner.h; sourceTree = "<group>"; };
		176138F5175C0378003BD612 /* Symbol.h */ = {isa = PBXFileReference; fileEncoding = 4; lastKnownFileType = sourcecode.c.h; path = Symbol.h; sourceTree = "<group>"; };
		176138F6175C0378003BD612 /* Video.h */ = {isa = PBXFileReference; fileEncoding = 4; lastKnownFileType = sourcecode.c.h; path = Video.h; sourceTree = "<group>"; };
		176138F7175C0378003BD612 /* Window.h */ = {isa = PBXFileReference; fileEncoding = 4; lastKnownFileType = sourcecode.c.h; path = Window.h; sourceTree = "<group>"; };
		176138F8175C0378003BD612 /* zbar.h */ = {isa = PBXFileReference; fileEncoding = 4; lastKnownFileType = sourcecode.c.h; path = zbar.h; sourceTree = "<group>"; };
		176138F9175C0378003BD612 /* ZBarCameraSimulator.h */ = {isa = PBXFileReference; fileEncoding = 4; lastKnownFileType = sourcecode.c.h; path = ZBarCameraSimulator.h; sourceTree = "<group>"; };
		176138FA175C0378003BD612 /* ZBarCaptureReader.h */ = {isa = PBXFileReference; fileEncoding = 4; lastKnownFileType = sourcecode.c.h; path = ZBarCaptureReader.h; sourceTree = "<group>"; };
		176138FB175C0378003BD612 /* ZBarHelpController.h */ = {isa = PBXFileReference; fileEncoding = 4; lastKnownFileType = sourcecode.c.h; path = ZBarHelpController.h; sourceTree = "<group>"; };
		176138FC175C0378003BD612 /* ZBarImage.h */ = {isa = PBXFileReference; fileEncoding = 4; lastKnownFileType = sourcecode.c.h; path = ZBarImage.h; sourceTree = "<group>"; };
		176138FD175C0378003BD612 /* ZBarImageScanner.h */ = {isa = PBXFileReference; fileEncoding = 4; lastKnownFileType = sourcecode.c.h; path = ZBarImageScanner.h; sourceTree = "<group>"; };
		176138FE175C0378003BD612 /* ZBarReaderController.h */ = {isa = PBXFileReference; fileEncoding = 4; lastKnownFileType = sourcecode.c.h; path = ZBarReaderController.h; sourceTree = "<group>"; };
		176138FF175C0378003BD612 /* ZBarReaderView.h */ = {isa = PBXFileReference; fileEncoding = 4; lastKnownFileType = sourcecode.c.h; path = ZBarReaderView.h; sourceTree = "<group>"; };
		17613900175C0378003BD612 /* ZBarReaderViewController.h */ = {isa = PBXFileReference; fileEncoding = 4; lastKnownFileType = sourcecode.c.h; path = ZBarReaderViewController.h; sourceTree = "<group>"; };
		17613901175C0378003BD612 /* ZBarSDK.h */ = {isa = PBXFileReference; fileEncoding = 4; lastKnownFileType = sourcecode.c.h; path = ZBarSDK.h; sourceTree = "<group>"; };
		17613902175C0378003BD612 /* ZBarSymbol.h */ = {isa = PBXFileReference; fileEncoding = 4; lastKnownFileType = sourcecode.c.h; path = ZBarSymbol.h; sourceTree = "<group>"; };
		17613903175C0378003BD612 /* libzbar.a */ = {isa = PBXFileReference; lastKnownFileType = archive.ar; path = libzbar.a; sourceTree = "<group>"; };
		17613905175C0378003BD612 /* zbar-back.png */ = {isa = PBXFileReference; lastKnownFileType = image.png; path = "zbar-back.png"; sourceTree = "<group>"; };
		17613906175C0378003BD612 /* zbar-help.html */ = {isa = PBXFileReference; fileEncoding = 4; lastKnownFileType = text.html; path = "zbar-help.html"; sourceTree = "<group>"; };
		17613907175C0378003BD612 /* zbar-helpicons.png */ = {isa = PBXFileReference; lastKnownFileType = image.png; path = "zbar-helpicons.png"; sourceTree = "<group>"; };
		17613908175C0378003BD612 /* zbar-samples.png */ = {isa = PBXFileReference; lastKnownFileType = image.png; path = "zbar-samples.png"; sourceTree = "<group>"; };
		1761390E175C03A1003BD612 /* AVFoundation.framework */ = {isa = PBXFileReference; lastKnownFileType = wrapper.framework; name = AVFoundation.framework; path = System/Library/Frameworks/AVFoundation.framework; sourceTree = SDKROOT; };
		17613910175C03A7003BD612 /* CoreMedia.framework */ = {isa = PBXFileReference; lastKnownFileType = wrapper.framework; name = CoreMedia.framework; path = System/Library/Frameworks/CoreMedia.framework; sourceTree = SDKROOT; };
		17613912175C03AD003BD612 /* CoreVideo.framework */ = {isa = PBXFileReference; lastKnownFileType = wrapper.framework; name = CoreVideo.framework; path = System/Library/Frameworks/CoreVideo.framework; sourceTree = SDKROOT; };
		17613914175C03B4003BD612 /* QuartzCore.framework */ = {isa = PBXFileReference; lastKnownFileType = wrapper.framework; name = QuartzCore.framework; path = System/Library/Frameworks/QuartzCore.framework; sourceTree = SDKROOT; };
		17613916175C03C5003BD612 /* libiconv.dylib */ = {isa = PBXFileReference; lastKnownFileType = "compiled.mach-o.dylib"; name = libiconv.dylib; path = usr/lib/libiconv.dylib; sourceTree = SDKROOT; };
		177CCE13175CEA6D003A96C0 /* KeyboardNavigationToolbar.xib */ = {isa = PBXFileReference; fileEncoding = 4; lastKnownFileType = file.xib; path = KeyboardNavigationToolbar.xib; sourceTree = "<group>"; };
		177CCE15175CEBB1003A96C0 /* FYDKeyboardNavigationToolbar.h */ = {isa = PBXFileReference; fileEncoding = 4; lastKnownFileType = sourcecode.c.h; path = FYDKeyboardNavigationToolbar.h; sourceTree = "<group>"; };
		177CCE16175CEBB1003A96C0 /* FYDKeyboardNavigationToolbar.m */ = {isa = PBXFileReference; fileEncoding = 4; lastKnownFileType = sourcecode.c.objc; path = FYDKeyboardNavigationToolbar.m; sourceTree = "<group>"; };
		177CCE19175D01EA003A96C0 /* AddWordHeaderView.xib */ = {isa = PBXFileReference; fileEncoding = 4; lastKnownFileType = file.xib; path = AddWordHeaderView.xib; sourceTree = "<group>"; };
		177CCE1B175D0608003A96C0 /* FYDAddBookHeaderView.h */ = {isa = PBXFileReference; fileEncoding = 4; lastKnownFileType = sourcecode.c.h; path = FYDAddBookHeaderView.h; sourceTree = "<group>"; };
		177CCE1C175D0608003A96C0 /* FYDAddBookHeaderView.m */ = {isa = PBXFileReference; fileEncoding = 4; lastKnownFileType = sourcecode.c.objc; path = FYDAddBookHeaderView.m; sourceTree = "<group>"; };
		178D6BC31763ADF1003B3699 /* FYDBookReadingDayCell.h */ = {isa = PBXFileReference; fileEncoding = 4; lastKnownFileType = sourcecode.c.h; path = FYDBookReadingDayCell.h; sourceTree = "<group>"; };
		178D6BC41763ADF1003B3699 /* FYDBookReadingDayCell.m */ = {isa = PBXFileReference; fileEncoding = 4; lastKnownFileType = sourcecode.c.objc; path = FYDBookReadingDayCell.m; sourceTree = "<group>"; };
		17B13C3C175CD7AA00E935DA /* FYDAddBookMetadataViewController.h */ = {isa = PBXFileReference; fileEncoding = 4; lastKnownFileType = sourcecode.c.h; path = FYDAddBookMetadataViewController.h; sourceTree = "<group>"; };
		17B13C3D175CD7AA00E935DA /* FYDAddBookMetadataViewController.m */ = {isa = PBXFileReference; fileEncoding = 4; lastKnownFileType = sourcecode.c.objc; path = FYDAddBookMetadataViewController.m; sourceTree = "<group>"; };
		17B2C1F0175F9B1B0042F0C1 /* MobileCoreServices.framework */ = {isa = PBXFileReference; lastKnownFileType = wrapper.framework; name = MobileCoreServices.framework; path = System/Library/Frameworks/MobileCoreServices.framework; sourceTree = SDKROOT; };
		17E3DB7D17624E1E00AD4A74 /* Kal.bundle */ = {isa = PBXFileReference; lastKnownFileType = "wrapper.plug-in"; path = Kal.bundle; sourceTree = "<group>"; };
		17E3DB7F17624E3400AD4A74 /* Kal.h */ = {isa = PBXFileReference; fileEncoding = 4; lastKnownFileType = sourcecode.c.h; path = Kal.h; sourceTree = "<group>"; };
		17E3DB8017624E3400AD4A74 /* KalDataSource.h */ = {isa = PBXFileReference; fileEncoding = 4; lastKnownFileType = sourcecode.c.h; path = KalDataSource.h; sourceTree = "<group>"; };
		17E3DB8117624E3400AD4A74 /* KalDate.h */ = {isa = PBXFileReference; fileEncoding = 4; lastKnownFileType = sourcecode.c.h; path = KalDate.h; sourceTree = "<group>"; };
		17E3DB8217624E3400AD4A74 /* KalGridView.h */ = {isa = PBXFileReference; fileEncoding = 4; lastKnownFileType = sourcecode.c.h; path = KalGridView.h; sourceTree = "<group>"; };
		17E3DB8317624E3400AD4A74 /* KalLogic.h */ = {isa = PBXFileReference; fileEncoding = 4; lastKnownFileType = sourcecode.c.h; path = KalLogic.h; sourceTree = "<group>"; };
		17E3DB8417624E3400AD4A74 /* KalMonthView.h */ = {isa = PBXFileReference; fileEncoding = 4; lastKnownFileType = sourcecode.c.h; path = KalMonthView.h; sourceTree = "<group>"; };
		17E3DB8517624E3400AD4A74 /* KalPrivate.h */ = {isa = PBXFileReference; fileEncoding = 4; lastKnownFileType = sourcecode.c.h; path = KalPrivate.h; sourceTree = "<group>"; };
		17E3DB8617624E3400AD4A74 /* KalTileView.h */ = {isa = PBXFileReference; fileEncoding = 4; lastKnownFileType = sourcecode.c.h; path = KalTileView.h; sourceTree = "<group>"; };
		17E3DB8717624E3400AD4A74 /* KalView.h */ = {isa = PBXFileReference; fileEncoding = 4; lastKnownFileType = sourcecode.c.h; path = KalView.h; sourceTree = "<group>"; };
		17E3DB8817624E3400AD4A74 /* KalViewController.h */ = {isa = PBXFileReference; fileEncoding = 4; lastKnownFileType = sourcecode.c.h; path = KalViewController.h; sourceTree = "<group>"; };
		17E3DB8917624E3400AD4A74 /* NSDateAdditions.h */ = {isa = PBXFileReference; fileEncoding = 4; lastKnownFileType = sourcecode.c.h; path = NSDateAdditions.h; sourceTree = "<group>"; };
		17E3DB8A17624E3400AD4A74 /* UIViewAdditions.h */ = {isa = PBXFileReference; fileEncoding = 4; lastKnownFileType = sourcecode.c.h; path = UIViewAdditions.h; sourceTree = "<group>"; };
		17E3DB8B17624E3400AD4A74 /* Kal_Prefix.pch */ = {isa = PBXFileReference; fileEncoding = 4; lastKnownFileType = sourcecode.c.h; path = Kal_Prefix.pch; sourceTree = "<group>"; };
		17E3DB8C17624E3400AD4A74 /* KalDataSource.m */ = {isa = PBXFileReference; fileEncoding = 4; lastKnownFileType = sourcecode.c.objc; path = KalDataSource.m; sourceTree = "<group>"; };
		17E3DB8D17624E3400AD4A74 /* KalDate.m */ = {isa = PBXFileReference; fileEncoding = 4; lastKnownFileType = sourcecode.c.objc; path = KalDate.m; sourceTree = "<group>"; };
		17E3DB8E17624E3400AD4A74 /* KalGridView.m */ = {isa = PBXFileReference; fileEncoding = 4; lastKnownFileType = sourcecode.c.objc; path = KalGridView.m; sourceTree = "<group>"; };
		17E3DB8F17624E3400AD4A74 /* KalLogic.m */ = {isa = PBXFileReference; fileEncoding = 4; lastKnownFileType = sourcecode.c.objc; path = KalLogic.m; sourceTree = "<group>"; };
		17E3DB9017624E3400AD4A74 /* KalMonthView.m */ = {isa = PBXFileReference; fileEncoding = 4; lastKnownFileType = sourcecode.c.objc; path = KalMonthView.m; sourceTree = "<group>"; };
		17E3DB9117624E3400AD4A74 /* KalTileView.m */ = {isa = PBXFileReference; fileEncoding = 4; lastKnownFileType = sourcecode.c.objc; path = KalTileView.m; sourceTree = "<group>"; };
		17E3DB9217624E3400AD4A74 /* KalView.m */ = {isa = PBXFileReference; fileEncoding = 4; lastKnownFileType = sourcecode.c.objc; path = KalView.m; sourceTree = "<group>"; };
		17E3DB9317624E3400AD4A74 /* KalViewController.m */ = {isa = PBXFileReference; fileEncoding = 4; lastKnownFileType = sourcecode.c.objc; path = KalViewController.m; sourceTree = "<group>"; };
		17E3DB9417624E3400AD4A74 /* NSDateAdditions.m */ = {isa = PBXFileReference; fileEncoding = 4; lastKnownFileType = sourcecode.c.objc; path = NSDateAdditions.m; sourceTree = "<group>"; };
		17E3DB9517624E3400AD4A74 /* UIViewAdditions.m */ = {isa = PBXFileReference; fileEncoding = 4; lastKnownFileType = sourcecode.c.objc; path = UIViewAdditions.m; sourceTree = "<group>"; };
		17E3DBA01762517300AD4A74 /* FYDMainViewController.h */ = {isa = PBXFileReference; fileEncoding = 4; lastKnownFileType = sourcecode.c.h; path = FYDMainViewController.h; sourceTree = "<group>"; };
		17E3DBA11762517300AD4A74 /* FYDMainViewController.m */ = {isa = PBXFileReference; fileEncoding = 4; lastKnownFileType = sourcecode.c.objc; path = FYDMainViewController.m; sourceTree = "<group>"; };
		17EC5F5F17749FE9009E37F1 /* bookIcon_114.png */ = {isa = PBXFileReference; lastKnownFileType = image.png; path = bookIcon_114.png; sourceTree = "<group>"; };
		17EF7A591757DA1A00832D01 /* FYDBookSearch.h */ = {isa = PBXFileReference; fileEncoding = 4; lastKnownFileType = sourcecode.c.h; path = FYDBookSearch.h; sourceTree = "<group>"; };
		17EF7A5A1757DA1A00832D01 /* FYDBookSearch.m */ = {isa = PBXFileReference; fileEncoding = 4; lastKnownFileType = sourcecode.c.objc; path = FYDBookSearch.m; sourceTree = "<group>"; };
/* End PBXFileReference section */

/* Begin PBXFrameworksBuildPhase section */
		174BE1851757BE930096037A /* Frameworks */ = {
			isa = PBXFrameworksBuildPhase;
			buildActionMask = 2147483647;
			files = (
				17B2C1F1175F9B1B0042F0C1 /* MobileCoreServices.framework in Frameworks */,
				17613917175C03C5003BD612 /* libiconv.dylib in Frameworks */,
				17613915175C03B4003BD612 /* QuartzCore.framework in Frameworks */,
				17613913175C03AD003BD612 /* CoreVideo.framework in Frameworks */,
				17613911175C03A7003BD612 /* CoreMedia.framework in Frameworks */,
				1761390F175C03A1003BD612 /* AVFoundation.framework in Frameworks */,
				174BE18C1757BE930096037A /* UIKit.framework in Frameworks */,
				174BE18E1757BE930096037A /* Foundation.framework in Frameworks */,
				174BE1901757BE930096037A /* CoreGraphics.framework in Frameworks */,
				17613909175C0378003BD612 /* libzbar.a in Frameworks */,
			);
			runOnlyForDeploymentPostprocessing = 0;
		};
		174BE1B01757BE940096037A /* Frameworks */ = {
			isa = PBXFrameworksBuildPhase;
			buildActionMask = 2147483647;
			files = (
				174BE1B61757BE940096037A /* SenTestingKit.framework in Frameworks */,
				174BE1B71757BE940096037A /* UIKit.framework in Frameworks */,
				174BE1B81757BE940096037A /* Foundation.framework in Frameworks */,
			);
			runOnlyForDeploymentPostprocessing = 0;
		};
/* End PBXFrameworksBuildPhase section */

/* Begin PBXGroup section */
		173C7C0E1757F400004E791B /* View */ = {
			isa = PBXGroup;
			children = (
				173C7C0F1757F419004E791B /* FYDBookCell.h */,
				173C7C101757F419004E791B /* FYDBookCell.m */,
				177CCE15175CEBB1003A96C0 /* FYDKeyboardNavigationToolbar.h */,
				177CCE16175CEBB1003A96C0 /* FYDKeyboardNavigationToolbar.m */,
				177CCE1B175D0608003A96C0 /* FYDAddBookHeaderView.h */,
				177CCE1C175D0608003A96C0 /* FYDAddBookHeaderView.m */,
				17015440175FC468006BED53 /* FYDDatePicker.h */,
				17015441175FC468006BED53 /* FYDDatePicker.m */,
				178D6BC31763ADF1003B3699 /* FYDBookReadingDayCell.h */,
				178D6BC41763ADF1003B3699 /* FYDBookReadingDayCell.m */,
			);
			name = View;
			sourceTree = "<group>";
		};
		174BE17F1757BE930096037A = {
			isa = PBXGroup;
			children = (
				17EC5F5F17749FE9009E37F1 /* bookIcon_114.png */,
				174BE1911757BE930096037A /* keepreading */,
				174BE1BB1757BE940096037A /* keepreadingTests */,
				174BE18A1757BE930096037A /* Frameworks */,
				174BE1891757BE930096037A /* Products */,
			);
			sourceTree = "<group>";
		};
		174BE1891757BE930096037A /* Products */ = {
			isa = PBXGroup;
			children = (
				174BE1881757BE930096037A /* keepreading.app */,
				174BE1B41757BE940096037A /* keepreadingTests.octest */,
			);
			name = Products;
			sourceTree = "<group>";
		};
		174BE18A1757BE930096037A /* Frameworks */ = {
			isa = PBXGroup;
			children = (
				17B2C1F0175F9B1B0042F0C1 /* MobileCoreServices.framework */,
				17613916175C03C5003BD612 /* libiconv.dylib */,
				176138EB175C0378003BD612 /* ZBarSDK */,
				17613914175C03B4003BD612 /* QuartzCore.framework */,
				17613912175C03AD003BD612 /* CoreVideo.framework */,
				17613910175C03A7003BD612 /* CoreMedia.framework */,
				1761390E175C03A1003BD612 /* AVFoundation.framework */,
				174BE18B1757BE930096037A /* UIKit.framework */,
				174BE18D1757BE930096037A /* Foundation.framework */,
				174BE18F1757BE930096037A /* CoreGraphics.framework */,
				174BE1B51757BE940096037A /* SenTestingKit.framework */,
			);
			name = Frameworks;
			sourceTree = "<group>";
		};
		174BE1911757BE930096037A /* keepreading */ = {
			isa = PBXGroup;
			children = (
				174BE19A1757BE930096037A /* FYDAppDelegate.h */,
				174BE19B1757BE930096037A /* FYDAppDelegate.m */,
				177CCE18175CED64003A96C0 /* UI */,
				174BE1CC1757C08D0096037A /* Controller */,
				174BE1CD1757C09F0096037A /* Model */,
				173C7C0E1757F400004E791B /* View */,
				17EF7A581757D9F800832D01 /* Utility */,
				176138EA175BFE66003BD612 /* Images */,
				174BE1921757BE930096037A /* Supporting Files */,
			);
			path = keepreading;
			sourceTree = "<group>";
		};
		174BE1921757BE930096037A /* Supporting Files */ = {
			isa = PBXGroup;
			children = (
				17E3DB7C17624E0D00AD4A74 /* Kal */,
				174BE1931757BE930096037A /* keepreading-Info.plist */,
				174BE1941757BE930096037A /* InfoPlist.strings */,
				174BE1971757BE930096037A /* main.m */,
				174BE1991757BE930096037A /* keepreading-Prefix.pch */,
				174BE19D1757BE930096037A /* Default.png */,
				174BE19F1757BE930096037A /* Default@2x.png */,
				174BE1A11757BE930096037A /* Default-568h@2x.png */,
			);
			name = "Supporting Files";
			sourceTree = "<group>";
		};
		174BE1BB1757BE940096037A /* keepreadingTests */ = {
			isa = PBXGroup;
			children = (
				174BE1C11757BE940096037A /* keepreadingTests.h */,
				174BE1C21757BE940096037A /* keepreadingTests.m */,
				174BE1BC1757BE940096037A /* Supporting Files */,
			);
			path = keepreadingTests;
			sourceTree = "<group>";
		};
		174BE1BC1757BE940096037A /* Supporting Files */ = {
			isa = PBXGroup;
			children = (
				174BE1BD1757BE940096037A /* keepreadingTests-Info.plist */,
				174BE1BE1757BE940096037A /* InfoPlist.strings */,
			);
			name = "Supporting Files";
			sourceTree = "<group>";
		};
		174BE1CC1757C08D0096037A /* Controller */ = {
			isa = PBXGroup;
			children = (
				176138DE175A8EE2003BD612 /* FYDAddBookTableViewController.h */,
				176138DF175A8EE2003BD612 /* FYDAddBookTableViewController.m */,
				176138E1175A916E003BD612 /* FYDAddBookSearchResultsController.h */,
				176138E2175A916E003BD612 /* FYDAddBookSearchResultsController.m */,
				17B13C3C175CD7AA00E935DA /* FYDAddBookMetadataViewController.h */,
				17B13C3D175CD7AA00E935DA /* FYDAddBookMetadataViewController.m */,
				17E3DBA01762517300AD4A74 /* FYDMainViewController.h */,
				17E3DBA11762517300AD4A74 /* FYDMainViewController.m */,
			);
			name = Controller;
			sourceTree = "<group>";
		};
		174BE1CD1757C09F0096037A /* Model */ = {
			isa = PBXGroup;
			children = (
				174BE1CE1757C60B0096037A /* FYDLibrary.h */,
				174BE1CF1757C60B0096037A /* FYDLibrary.m */,
				174BE1D21757C7100096037A /* FYDBook.h */,
				174BE1D31757C7100096037A /* FYDBook.m */,
				1729A3F21763A94900988387 /* FYDBookReading.h */,
				1729A3F31763A94900988387 /* FYDBookReading.m */,
				1729A3F51763A95900988387 /* FYDBookReadingDay.h */,
				1729A3F61763A95900988387 /* FYDBookReadingDay.m */,
			);
			name = Model;
			sourceTree = "<group>";
		};
		176138EA175BFE66003BD612 /* Images */ = {
			isa = PBXGroup;
			children = (
				176138E8175BFE5E003BD612 /* barcode_button.png */,
			);
			name = Images;
			sourceTree = "<group>";
		};
		176138EB175C0378003BD612 /* ZBarSDK */ = {
			isa = PBXGroup;
			children = (
				176138EC175C0378003BD612 /* Headers */,
				17613903175C0378003BD612 /* libzbar.a */,
				17613904175C0378003BD612 /* Resources */,
			);
			name = ZBarSDK;
			path = keepreading/ZBarSDK;
			sourceTree = "<group>";
		};
		176138EC175C0378003BD612 /* Headers */ = {
			isa = PBXGroup;
			children = (
				176138ED175C0378003BD612 /* ZBarSDK */,
			);
			path = Headers;
			sourceTree = "<group>";
		};
		176138ED175C0378003BD612 /* ZBarSDK */ = {
			isa = PBXGroup;
			children = (
				176138EE175C0378003BD612 /* zbar */,
				176138F8175C0378003BD612 /* zbar.h */,
				176138F9175C0378003BD612 /* ZBarCameraSimulator.h */,
				176138FA175C0378003BD612 /* ZBarCaptureReader.h */,
				176138FB175C0378003BD612 /* ZBarHelpController.h */,
				176138FC175C0378003BD612 /* ZBarImage.h */,
				176138FD175C0378003BD612 /* ZBarImageScanner.h */,
				176138FE175C0378003BD612 /* ZBarReaderController.h */,
				176138FF175C0378003BD612 /* ZBarReaderView.h */,
				17613900175C0378003BD612 /* ZBarReaderViewController.h */,
				17613901175C0378003BD612 /* ZBarSDK.h */,
				17613902175C0378003BD612 /* ZBarSymbol.h */,
			);
			path = ZBarSDK;
			sourceTree = "<group>";
		};
		176138EE175C0378003BD612 /* zbar */ = {
			isa = PBXGroup;
			children = (
				176138EF175C0378003BD612 /* Decoder.h */,
				176138F0175C0378003BD612 /* Exception.h */,
				176138F1175C0378003BD612 /* Image.h */,
				176138F2175C0378003BD612 /* ImageScanner.h */,
				176138F3175C0378003BD612 /* Processor.h */,
				176138F4175C0378003BD612 /* Scanner.h */,
				176138F5175C0378003BD612 /* Symbol.h */,
				176138F6175C0378003BD612 /* Video.h */,
				176138F7175C0378003BD612 /* Window.h */,
			);
			path = zbar;
			sourceTree = "<group>";
		};
		17613904175C0378003BD612 /* Resources */ = {
			isa = PBXGroup;
			children = (
				17613905175C0378003BD612 /* zbar-back.png */,
				17613906175C0378003BD612 /* zbar-help.html */,
				17613907175C0378003BD612 /* zbar-helpicons.png */,
				17613908175C0378003BD612 /* zbar-samples.png */,
			);
			path = Resources;
			sourceTree = "<group>";
		};
		177CCE18175CED64003A96C0 /* UI */ = {
			isa = PBXGroup;
			children = (
				174BE1A31757BE930096037A /* MainStoryboard_iPhone.storyboard */,
				174BE1A61757BE930096037A /* MainStoryboard_iPad.storyboard */,
				176138E4175AA60D003BD612 /* BookCell.xib */,
				176138E6175B4FD0003BD612 /* LoadingCell.xib */,
				177CCE13175CEA6D003A96C0 /* KeyboardNavigationToolbar.xib */,
				177CCE19175D01EA003A96C0 /* AddWordHeaderView.xib */,
				172A88B91763C8B800A36DD7 /* PageNoActionSheet.xib */,
			);
			name = UI;
			sourceTree = "<group>";
		};
		17E3DB7C17624E0D00AD4A74 /* Kal */ = {
			isa = PBXGroup;
			children = (
				17E3DB7F17624E3400AD4A74 /* Kal.h */,
				17E3DB8017624E3400AD4A74 /* KalDataSource.h */,
				17E3DB8117624E3400AD4A74 /* KalDate.h */,
				17E3DB8217624E3400AD4A74 /* KalGridView.h */,
				17E3DB8317624E3400AD4A74 /* KalLogic.h */,
				17E3DB8417624E3400AD4A74 /* KalMonthView.h */,
				17E3DB8517624E3400AD4A74 /* KalPrivate.h */,
				17E3DB8617624E3400AD4A74 /* KalTileView.h */,
				17E3DB8717624E3400AD4A74 /* KalView.h */,
				17E3DB8817624E3400AD4A74 /* KalViewController.h */,
				17E3DB8917624E3400AD4A74 /* NSDateAdditions.h */,
				17E3DB8A17624E3400AD4A74 /* UIViewAdditions.h */,
				17E3DB8B17624E3400AD4A74 /* Kal_Prefix.pch */,
				17E3DB8C17624E3400AD4A74 /* KalDataSource.m */,
				17E3DB8D17624E3400AD4A74 /* KalDate.m */,
				17E3DB8E17624E3400AD4A74 /* KalGridView.m */,
				17E3DB8F17624E3400AD4A74 /* KalLogic.m */,
				17E3DB9017624E3400AD4A74 /* KalMonthView.m */,
				17E3DB9117624E3400AD4A74 /* KalTileView.m */,
				17E3DB9217624E3400AD4A74 /* KalView.m */,
				17E3DB9317624E3400AD4A74 /* KalViewController.m */,
				17E3DB9417624E3400AD4A74 /* NSDateAdditions.m */,
				17E3DB9517624E3400AD4A74 /* UIViewAdditions.m */,
				17E3DB7D17624E1E00AD4A74 /* Kal.bundle */,
			);
			name = Kal;
			sourceTree = "<group>";
		};
		17EF7A581757D9F800832D01 /* Utility */ = {
			isa = PBXGroup;
			children = (
				17EF7A591757DA1A00832D01 /* FYDBookSearch.h */,
				17EF7A5A1757DA1A00832D01 /* FYDBookSearch.m */,
				172A88BB1763D74200A36DD7 /* NSDate+dateWithClearedTime.h */,
				172A88BC1763D74200A36DD7 /* NSDate+dateWithClearedTime.m */,
				172A88BE1764CD6600A36DD7 /* NSDate+dateByAddDays.h */,
				172A88BF1764CD6700A36DD7 /* NSDate+dateByAddDays.m */,
			);
			name = Utility;
			sourceTree = "<group>";
		};
/* End PBXGroup section */

/* Begin PBXNativeTarget section */
		174BE1871757BE930096037A /* keepreading */ = {
			isa = PBXNativeTarget;
			buildConfigurationList = 174BE1C61757BE940096037A /* Build configuration list for PBXNativeTarget "keepreading" */;
			buildPhases = (
				174BE1841757BE930096037A /* Sources */,
				174BE1851757BE930096037A /* Frameworks */,
				174BE1861757BE930096037A /* Resources */,
			);
			buildRules = (
			);
			dependencies = (
			);
			name = keepreading;
			productName = keepreading;
			productReference = 174BE1881757BE930096037A /* keepreading.app */;
			productType = "com.apple.product-type.application";
		};
		174BE1B31757BE940096037A /* keepreadingTests */ = {
			isa = PBXNativeTarget;
			buildConfigurationList = 174BE1C91757BE940096037A /* Build configuration list for PBXNativeTarget "keepreadingTests" */;
			buildPhases = (
				174BE1AF1757BE940096037A /* Sources */,
				174BE1B01757BE940096037A /* Frameworks */,
				174BE1B11757BE940096037A /* Resources */,
				174BE1B21757BE940096037A /* ShellScript */,
			);
			buildRules = (
			);
			dependencies = (
				174BE1BA1757BE940096037A /* PBXTargetDependency */,
			);
			name = keepreadingTests;
			productName = keepreadingTests;
			productReference = 174BE1B41757BE940096037A /* keepreadingTests.octest */;
			productType = "com.apple.product-type.bundle";
		};
/* End PBXNativeTarget section */

/* Begin PBXProject section */
		174BE1801757BE930096037A /* Project object */ = {
			isa = PBXProject;
			attributes = {
				CLASSPREFIX = FYD;
				LastUpgradeCheck = 0460;
				ORGANIZATIONNAME = "Floyd UG (haftungsbeschränkt)";
			};
			buildConfigurationList = 174BE1831757BE930096037A /* Build configuration list for PBXProject "keepreading" */;
			compatibilityVersion = "Xcode 3.2";
			developmentRegion = English;
			hasScannedForEncodings = 0;
			knownRegions = (
				en,
			);
			mainGroup = 174BE17F1757BE930096037A;
			productRefGroup = 174BE1891757BE930096037A /* Products */;
			projectDirPath = "";
			projectRoot = "";
			targets = (
				174BE1871757BE930096037A /* keepreading */,
				174BE1B31757BE940096037A /* keepreadingTests */,
			);
		};
/* End PBXProject section */

/* Begin PBXResourcesBuildPhase section */
		174BE1861757BE930096037A /* Resources */ = {
			isa = PBXResourcesBuildPhase;
			buildActionMask = 2147483647;
			files = (
				174BE1961757BE930096037A /* InfoPlist.strings in Resources */,
				174BE19E1757BE930096037A /* Default.png in Resources */,
				174BE1A01757BE930096037A /* Default@2x.png in Resources */,
				174BE1A21757BE930096037A /* Default-568h@2x.png in Resources */,
				174BE1A51757BE930096037A /* MainStoryboard_iPhone.storyboard in Resources */,
				174BE1A81757BE930096037A /* MainStoryboard_iPad.storyboard in Resources */,
				176138E5175AA60D003BD612 /* BookCell.xib in Resources */,
				176138E7175B4FD0003BD612 /* LoadingCell.xib in Resources */,
				176138E9175BFE5E003BD612 /* barcode_button.png in Resources */,
				1761390A175C0378003BD612 /* zbar-back.png in Resources */,
				1761390B175C0378003BD612 /* zbar-help.html in Resources */,
				1761390C175C0378003BD612 /* zbar-helpicons.png in Resources */,
				1761390D175C0378003BD612 /* zbar-samples.png in Resources */,
				177CCE14175CEA6D003A96C0 /* KeyboardNavigationToolbar.xib in Resources */,
				177CCE1A175D01EA003A96C0 /* AddWordHeaderView.xib in Resources */,
				17E3DB7E17624E1E00AD4A74 /* Kal.bundle in Resources */,
				172A88BA1763C8B800A36DD7 /* PageNoActionSheet.xib in Resources */,
				17EC5F6017749FE9009E37F1 /* bookIcon_114.png in Resources */,
			);
			runOnlyForDeploymentPostprocessing = 0;
		};
		174BE1B11757BE940096037A /* Resources */ = {
			isa = PBXResourcesBuildPhase;
			buildActionMask = 2147483647;
			files = (
				174BE1C01757BE940096037A /* InfoPlist.strings in Resources */,
			);
			runOnlyForDeploymentPostprocessing = 0;
		};
/* End PBXResourcesBuildPhase section */

/* Begin PBXShellScriptBuildPhase section */
		174BE1B21757BE940096037A /* ShellScript */ = {
			isa = PBXShellScriptBuildPhase;
			buildActionMask = 2147483647;
			files = (
			);
			inputPaths = (
			);
			outputPaths = (
			);
			runOnlyForDeploymentPostprocessing = 0;
			shellPath = /bin/sh;
			shellScript = "# Run the unit tests in this test bundle.\n\"${SYSTEM_DEVELOPER_DIR}/Tools/RunUnitTests\"\n";
		};
/* End PBXShellScriptBuildPhase section */

/* Begin PBXSourcesBuildPhase section */
		174BE1841757BE930096037A /* Sources */ = {
			isa = PBXSourcesBuildPhase;
			buildActionMask = 2147483647;
			files = (
				174BE1981757BE930096037A /* main.m in Sources */,
				174BE19C1757BE930096037A /* FYDAppDelegate.m in Sources */,
				174BE1D01757C60B0096037A /* FYDLibrary.m in Sources */,
				174BE1D41757C7100096037A /* FYDBook.m in Sources */,
				17EF7A5B1757DA1A00832D01 /* FYDBookSearch.m in Sources */,
				173C7C111757F419004E791B /* FYDBookCell.m in Sources */,
				176138E0175A8EE2003BD612 /* FYDAddBookTableViewController.m in Sources */,
				176138E3175A916E003BD612 /* FYDAddBookSearchResultsController.m in Sources */,
				17B13C3E175CD7AA00E935DA /* FYDAddBookMetadataViewController.m in Sources */,
				177CCE17175CEBB1003A96C0 /* FYDKeyboardNavigationToolbar.m in Sources */,
				177CCE1D175D0608003A96C0 /* FYDAddBookHeaderView.m in Sources */,
				17015442175FC468006BED53 /* FYDDatePicker.m in Sources */,
				17E3DBA21762517300AD4A74 /* FYDMainViewController.m in Sources */,
				17E3DBA3176252F100AD4A74 /* KalDataSource.m in Sources */,
				17E3DBA4176252F100AD4A74 /* KalDate.m in Sources */,
				17E3DBA5176252F100AD4A74 /* KalGridView.m in Sources */,
				17E3DBA6176252F100AD4A74 /* KalLogic.m in Sources */,
				17E3DBA7176252F100AD4A74 /* KalMonthView.m in Sources */,
				17E3DBA8176252F100AD4A74 /* KalTileView.m in Sources */,
				17E3DBA9176252F100AD4A74 /* KalView.m in Sources */,
				17E3DBAA176252F100AD4A74 /* KalViewController.m in Sources */,
				17E3DBAB176252F100AD4A74 /* NSDateAdditions.m in Sources */,
				17E3DBAC176252F100AD4A74 /* UIViewAdditions.m in Sources */,
				1729A3F41763A94900988387 /* FYDBookReading.m in Sources */,
				1729A3F71763A95900988387 /* FYDBookReadingDay.m in Sources */,
				178D6BC51763ADF1003B3699 /* FYDBookReadingDayCell.m in Sources */,
				172A88BD1763D74200A36DD7 /* NSDate+dateWithClearedTime.m in Sources */,
				172A88C01764CD6700A36DD7 /* NSDate+dateByAddDays.m in Sources */,
			);
			runOnlyForDeploymentPostprocessing = 0;
		};
		174BE1AF1757BE940096037A /* Sources */ = {
			isa = PBXSourcesBuildPhase;
			buildActionMask = 2147483647;
			files = (
				174BE1C31757BE940096037A /* keepreadingTests.m in Sources */,
			);
			runOnlyForDeploymentPostprocessing = 0;
		};
/* End PBXSourcesBuildPhase section */

/* Begin PBXTargetDependency section */
		174BE1BA1757BE940096037A /* PBXTargetDependency */ = {
			isa = PBXTargetDependency;
			target = 174BE1871757BE930096037A /* keepreading */;
			targetProxy = 174BE1B91757BE940096037A /* PBXContainerItemProxy */;
		};
/* End PBXTargetDependency section */

/* Begin PBXVariantGroup section */
		174BE1941757BE930096037A /* InfoPlist.strings */ = {
			isa = PBXVariantGroup;
			children = (
				174BE1951757BE930096037A /* en */,
			);
			name = InfoPlist.strings;
			sourceTree = "<group>";
		};
		174BE1A31757BE930096037A /* MainStoryboard_iPhone.storyboard */ = {
			isa = PBXVariantGroup;
			children = (
				174BE1A41757BE930096037A /* en */,
			);
			name = MainStoryboard_iPhone.storyboard;
			sourceTree = "<group>";
		};
		174BE1A61757BE930096037A /* MainStoryboard_iPad.storyboard */ = {
			isa = PBXVariantGroup;
			children = (
				174BE1A71757BE930096037A /* en */,
			);
			name = MainStoryboard_iPad.storyboard;
			sourceTree = "<group>";
		};
		174BE1BE1757BE940096037A /* InfoPlist.strings */ = {
			isa = PBXVariantGroup;
			children = (
				174BE1BF1757BE940096037A /* en */,
			);
			name = InfoPlist.strings;
			sourceTree = "<group>";
		};
/* End PBXVariantGroup section */

/* Begin XCBuildConfiguration section */
		174BE1C41757BE940096037A /* Debug */ = {
			isa = XCBuildConfiguration;
			buildSettings = {
				ALWAYS_SEARCH_USER_PATHS = NO;
				CLANG_CXX_LANGUAGE_STANDARD = "gnu++0x";
				CLANG_CXX_LIBRARY = "libc++";
				CLANG_ENABLE_OBJC_ARC = YES;
				CLANG_WARN_CONSTANT_CONVERSION = YES;
				CLANG_WARN_EMPTY_BODY = YES;
				CLANG_WARN_ENUM_CONVERSION = YES;
				CLANG_WARN_INT_CONVERSION = YES;
				CLANG_WARN__DUPLICATE_METHOD_MATCH = YES;
				"CODE_SIGN_IDENTITY[sdk=iphoneos*]" = "iPhone Developer";
				COPY_PHASE_STRIP = NO;
				GCC_C_LANGUAGE_STANDARD = gnu99;
				GCC_DYNAMIC_NO_PIC = NO;
				GCC_OPTIMIZATION_LEVEL = 0;
				GCC_PREPROCESSOR_DEFINITIONS = (
					"DEBUG=1",
					"$(inherited)",
				);
				GCC_SYMBOLS_PRIVATE_EXTERN = NO;
				GCC_WARN_ABOUT_RETURN_TYPE = YES;
				GCC_WARN_UNINITIALIZED_AUTOS = YES;
				GCC_WARN_UNUSED_VARIABLE = YES;
				IPHONEOS_DEPLOYMENT_TARGET = 6.1;
				ONLY_ACTIVE_ARCH = YES;
				SDKROOT = iphoneos;
				TARGETED_DEVICE_FAMILY = "1,2";
			};
			name = Debug;
		};
		174BE1C51757BE940096037A /* Release */ = {
			isa = XCBuildConfiguration;
			buildSettings = {
				ALWAYS_SEARCH_USER_PATHS = NO;
				CLANG_CXX_LANGUAGE_STANDARD = "gnu++0x";
				CLANG_CXX_LIBRARY = "libc++";
				CLANG_ENABLE_OBJC_ARC = YES;
				CLANG_WARN_CONSTANT_CONVERSION = YES;
				CLANG_WARN_EMPTY_BODY = YES;
				CLANG_WARN_ENUM_CONVERSION = YES;
				CLANG_WARN_INT_CONVERSION = YES;
				CLANG_WARN__DUPLICATE_METHOD_MATCH = YES;
				"CODE_SIGN_IDENTITY[sdk=iphoneos*]" = "iPhone Developer";
				COPY_PHASE_STRIP = YES;
				GCC_C_LANGUAGE_STANDARD = gnu99;
				GCC_WARN_ABOUT_RETURN_TYPE = YES;
				GCC_WARN_UNINITIALIZED_AUTOS = YES;
				GCC_WARN_UNUSED_VARIABLE = YES;
				IPHONEOS_DEPLOYMENT_TARGET = 6.1;
				OTHER_CFLAGS = "-DNS_BLOCK_ASSERTIONS=1";
				SDKROOT = iphoneos;
				TARGETED_DEVICE_FAMILY = "1,2";
				VALIDATE_PRODUCT = YES;
			};
			name = Release;
		};
		174BE1C71757BE940096037A /* Debug */ = {
			isa = XCBuildConfiguration;
			buildSettings = {
				FRAMEWORK_SEARCH_PATHS = (
					"$(inherited)",
					"\"$(SRCROOT)\"",
				);
				GCC_PRECOMPILE_PREFIX_HEADER = YES;
				GCC_PREFIX_HEADER = "keepreading/keepreading-Prefix.pch";
				INFOPLIST_FILE = "keepreading/keepreading-Info.plist";
				IPHONEOS_DEPLOYMENT_TARGET = 5.1;
				LIBRARY_SEARCH_PATHS = (
					"$(inherited)",
					"\"$(SRCROOT)/keepreading/ZBarSDK\"",
				);
				PRODUCT_NAME = "$(TARGET_NAME)";
				WRAPPER_EXTENSION = app;
			};
			name = Debug;
		};
		174BE1C81757BE940096037A /* Release */ = {
			isa = XCBuildConfiguration;
			buildSettings = {
				FRAMEWORK_SEARCH_PATHS = (
					"$(inherited)",
					"\"$(SRCROOT)\"",
				);
				GCC_PRECOMPILE_PREFIX_HEADER = YES;
				GCC_PREFIX_HEADER = "keepreading/keepreading-Prefix.pch";
				INFOPLIST_FILE = "keepreading/keepreading-Info.plist";
				IPHONEOS_DEPLOYMENT_TARGET = 5.1;
				LIBRARY_SEARCH_PATHS = (
					"$(inherited)",
					"\"$(SRCROOT)/keepreading/ZBarSDK\"",
				);
				PRODUCT_NAME = "$(TARGET_NAME)";
				WRAPPER_EXTENSION = app;
			};
			name = Release;
		};
		174BE1CA1757BE940096037A /* Debug */ = {
			isa = XCBuildConfiguration;
			buildSettings = {
				BUNDLE_LOADER = "$(BUILT_PRODUCTS_DIR)/keepreading.app/keepreading";
				FRAMEWORK_SEARCH_PATHS = (
					"\"$(SDKROOT)/Developer/Library/Frameworks\"",
					"\"$(DEVELOPER_LIBRARY_DIR)/Frameworks\"",
					"\"$(SRCROOT)\"",
				);
				GCC_PRECOMPILE_PREFIX_HEADER = YES;
				GCC_PREFIX_HEADER = "keepreading/keepreading-Prefix.pch";
				INFOPLIST_FILE = "keepreadingTests/keepreadingTests-Info.plist";
				PRODUCT_NAME = "$(TARGET_NAME)";
				TEST_HOST = "$(BUNDLE_LOADER)";
				WRAPPER_EXTENSION = octest;
			};
			name = Debug;
		};
		174BE1CB1757BE940096037A /* Release */ = {
			isa = XCBuildConfiguration;
			buildSettings = {
				BUNDLE_LOADER = "$(BUILT_PRODUCTS_DIR)/keepreading.app/keepreading";
				FRAMEWORK_SEARCH_PATHS = (
					"\"$(SDKROOT)/Developer/Library/Frameworks\"",
					"\"$(DEVELOPER_LIBRARY_DIR)/Frameworks\"",
					"\"$(SRCROOT)\"",
				);
				GCC_PRECOMPILE_PREFIX_HEADER = YES;
				GCC_PREFIX_HEADER = "keepreading/keepreading-Prefix.pch";
				INFOPLIST_FILE = "keepreadingTests/keepreadingTests-Info.plist";
				PRODUCT_NAME = "$(TARGET_NAME)";
				TEST_HOST = "$(BUNDLE_LOADER)";
				WRAPPER_EXTENSION = octest;
			};
			name = Release;
		};
/* End XCBuildConfiguration section */

/* Begin XCConfigurationList section */
		174BE1831757BE930096037A /* Build configuration list for PBXProject "keepreading" */ = {
			isa = XCConfigurationList;
			buildConfigurations = (
				174BE1C41757BE940096037A /* Debug */,
				174BE1C51757BE940096037A /* Release */,
			);
			defaultConfigurationIsVisible = 0;
			defaultConfigurationName = Release;
		};
		174BE1C61757BE940096037A /* Build configuration list for PBXNativeTarget "keepreading" */ = {
			isa = XCConfigurationList;
			buildConfigurations = (
				174BE1C71757BE940096037A /* Debug */,
				174BE1C81757BE940096037A /* Release */,
			);
			defaultConfigurationIsVisible = 0;
			defaultConfigurationName = Release;
		};
		174BE1C91757BE940096037A /* Build configuration list for PBXNativeTarget "keepreadingTests" */ = {
			isa = XCConfigurationList;
			buildConfigurations = (
				174BE1CA1757BE940096037A /* Debug */,
				174BE1CB1757BE940096037A /* Release */,
			);
			defaultConfigurationIsVisible = 0;
			defaultConfigurationName = Release;
		};
/* End XCConfigurationList section */
	};
	rootObject = 174BE1801757BE930096037A /* Project object */;
}
